
Microsoft Visual Studio Solution File, Format Version 12.00
# Visual Studio Version 17
VisualStudioVersion = 17.4.33403.182
MinimumVisualStudioVersion = 10.0.40219.1
Project("{FAE04EC0-301F-11D3-BF4B-00C04F79EFBC}") = "24.02.23_HW", "24.02.23_HW\24.02.23_HW.csproj", "{261DB6FA-B7F3-4E6C-8327-D2A58661DD75}"
EndProject
Global
	GlobalSection(SolutionConfigurationPlatforms) = preSolution
		Debug|Any CPU = Debug|Any CPU
		Release|Any CPU = Release|Any CPU
	EndGlobalSection
	GlobalSection(ProjectConfigurationPlatforms) = postSolution
		{261DB6FA-B7F3-4E6C-8327-D2A58661DD75}.Debug|Any CPU.ActiveCfg = Debug|Any CPU
		{261DB6FA-B7F3-4E6C-8327-D2A58661DD75}.Debug|Any CPU.Build.0 = Debug|Any CPU
		{261DB6FA-B7F3-4E6C-8327-D2A58661DD75}.Release|Any CPU.ActiveCfg = Release|Any CPU
		{261DB6FA-B7F3-4E6C-8327-D2A58661DD75}.Release|Any CPU.Build.0 = Release|Any CPU
	EndGlobalSection
	GlobalSection(SolutionProperties) = preSolution
		HideSolutionNode = FALSE
	EndGlobalSection
	GlobalSection(ExtensibilityGlobals) = postSolution
		SolutionGuid = {8DD7007F-FAAA-408C-B2C3-01F7FF860E83}
	EndGlobalSection
EndGlobal
